// !$*UTF8*$!
{
	archiveVersion = 1;
	classes = {
	};
	objectVersion = 46;
	objects = {

/* Begin PBXBuildFile section */
		168F224E1A93B976001D762C /* AppDelegate.swift in Sources */ = {isa = PBXBuildFile; fileRef = 168F224D1A93B976001D762C /* AppDelegate.swift */; };
		168F22501A93B976001D762C /* ViewController.swift in Sources */ = {isa = PBXBuildFile; fileRef = 168F224F1A93B976001D762C /* ViewController.swift */; };
		168F22531A93B976001D762C /* Main.storyboard in Resources */ = {isa = PBXBuildFile; fileRef = 168F22511A93B976001D762C /* Main.storyboard */; };
		168F22551A93B976001D762C /* Images.xcassets in Resources */ = {isa = PBXBuildFile; fileRef = 168F22541A93B976001D762C /* Images.xcassets */; };
		168F22581A93B976001D762C /* LaunchScreen.xib in Resources */ = {isa = PBXBuildFile; fileRef = 168F22561A93B976001D762C /* LaunchScreen.xib */; };
		168F22641A93B976001D762C /* To_Do_List_by_PacoSoftTests.swift in Sources */ = {isa = PBXBuildFile; fileRef = 168F22631A93B976001D762C /* To_Do_List_by_PacoSoftTests.swift */; };
		168F226E1A93BC67001D762C /* TableViewController.swift in Sources */ = {isa = PBXBuildFile; fileRef = 168F226D1A93BC67001D762C /* TableViewController.swift */; };
		168F22701A93BC92001D762C /* CreditsViewController.swift in Sources */ = {isa = PBXBuildFile; fileRef = 168F226F1A93BC92001D762C /* CreditsViewController.swift */; };
		168F22721A93BE5D001D762C /* TabBarController.swift in Sources */ = {isa = PBXBuildFile; fileRef = 168F22711A93BE5D001D762C /* TabBarController.swift */; };
/* End PBXBuildFile section */

/* Begin PBXContainerItemProxy section */
		168F225E1A93B976001D762C /* PBXContainerItemProxy */ = {
			isa = PBXContainerItemProxy;
			containerPortal = 168F22401A93B976001D762C /* Project object */;
			proxyType = 1;
			remoteGlobalIDString = 168F22471A93B976001D762C;
			remoteInfo = "To Do List by PacoSoft";
		};
/* End PBXContainerItemProxy section */

/* Begin PBXFileReference section */
		168F22481A93B976001D762C /* To Do List by PacoSoft.app */ = {isa = PBXFileReference; explicitFileType = wrapper.application; includeInIndex = 0; path = "To Do List by PacoSoft.app"; sourceTree = BUILT_PRODUCTS_DIR; };
		168F224C1A93B976001D762C /* Info.plist */ = {isa = PBXFileReference; lastKnownFileType = text.plist.xml; path = Info.plist; sourceTree = "<group>"; };
		168F224D1A93B976001D762C /* AppDelegate.swift */ = {isa = PBXFileReference; lastKnownFileType = sourcecode.swift; path = AppDelegate.swift; sourceTree = "<group>"; };
		168F224F1A93B976001D762C /* ViewController.swift */ = {isa = PBXFileReference; lastKnownFileType = sourcecode.swift; path = ViewController.swift; sourceTree = "<group>"; };
		168F22521A93B976001D762C /* Base */ = {isa = PBXFileReference; lastKnownFileType = file.storyboard; name = Base; path = Base.lproj/Main.storyboard; sourceTree = "<group>"; };
		168F22541A93B976001D762C /* Images.xcassets */ = {isa = PBXFileReference; lastKnownFileType = folder.assetcatalog; path = Images.xcassets; sourceTree = "<group>"; };
		168F22571A93B976001D762C /* Base */ = {isa = PBXFileReference; lastKnownFileType = file.xib; name = Base; path = Base.lproj/LaunchScreen.xib; sourceTree = "<group>"; };
		168F225D1A93B976001D762C /* To Do List by PacoSoftTests.xctest */ = {isa = PBXFileReference; explicitFileType = wrapper.cfbundle; includeInIndex = 0; path = "To Do List by PacoSoftTests.xctest"; sourceTree = BUILT_PRODUCTS_DIR; };
		168F22621A93B976001D762C /* Info.plist */ = {isa = PBXFileReference; lastKnownFileType = text.plist.xml; path = Info.plist; sourceTree = "<group>"; };
		168F22631A93B976001D762C /* To_Do_List_by_PacoSoftTests.swift */ = {isa = PBXFileReference; lastKnownFileType = sourcecode.swift; path = To_Do_List_by_PacoSoftTests.swift; sourceTree = "<group>"; };
		168F226D1A93BC67001D762C /* TableViewController.swift */ = {isa = PBXFileReference; fileEncoding = 4; lastKnownFileType = sourcecode.swift; path = TableViewController.swift; sourceTree = "<group>"; };
		168F226F1A93BC92001D762C /* CreditsViewController.swift */ = {isa = PBXFileReference; fileEncoding = 4; lastKnownFileType = sourcecode.swift; path = CreditsViewController.swift; sourceTree = "<group>"; };
		168F22711A93BE5D001D762C /* TabBarController.swift */ = {isa = PBXFileReference; fileEncoding = 4; lastKnownFileType = sourcecode.swift; path = TabBarController.swift; sourceTree = "<group>"; };
/* End PBXFileReference section */

/* Begin PBXFrameworksBuildPhase section */
		168F22451A93B976001D762C /* Frameworks */ = {
			isa = PBXFrameworksBuildPhase;
			buildActionMask = 2147483647;
			files = (
			);
			runOnlyForDeploymentPostprocessing = 0;
		};
		168F225A1A93B976001D762C /* Frameworks */ = {
			isa = PBXFrameworksBuildPhase;
			buildActionMask = 2147483647;
			files = (
			);
			runOnlyForDeploymentPostprocessing = 0;
		};
/* End PBXFrameworksBuildPhase section */

/* Begin PBXGroup section */
		168F223F1A93B976001D762C = {
			isa = PBXGroup;
			children = (
				168F224A1A93B976001D762C /* To Do List by PacoSoft */,
				168F22601A93B976001D762C /* To Do List by PacoSoftTests */,
				168F22491A93B976001D762C /* Products */,
			);
			sourceTree = "<group>";
		};
		168F22491A93B976001D762C /* Products */ = {
			isa = PBXGroup;
			children = (
				168F22481A93B976001D762C /* To Do List by PacoSoft.app */,
				168F225D1A93B976001D762C /* To Do List by PacoSoftTests.xctest */,
			);
			name = Products;
			sourceTree = "<group>";
		};
		168F224A1A93B976001D762C /* To Do List by PacoSoft */ = {
			isa = PBXGroup;
			children = (
				168F224D1A93B976001D762C /* AppDelegate.swift */,
				168F22711A93BE5D001D762C /* TabBarController.swift */,
				168F226D1A93BC67001D762C /* TableViewController.swift */,
				168F224F1A93B976001D762C /* ViewController.swift */,
				168F226F1A93BC92001D762C /* CreditsViewController.swift */,
				168F22511A93B976001D762C /* Main.storyboard */,
				168F22541A93B976001D762C /* Images.xcassets */,
				168F22561A93B976001D762C /* LaunchScreen.xib */,
				168F224B1A93B976001D762C /* Supporting Files */,
			);
			path = "To Do List by PacoSoft";
			sourceTree = "<group>";
		};
		168F224B1A93B976001D762C /* Supporting Files */ = {
			isa = PBXGroup;
			children = (
				168F224C1A93B976001D762C /* Info.plist */,
			);
			name = "Supporting Files";
			sourceTree = "<group>";
		};
		168F22601A93B976001D762C /* To Do List by PacoSoftTests */ = {
			isa = PBXGroup;
			children = (
				168F22631A93B976001D762C /* To_Do_List_by_PacoSoftTests.swift */,
				168F22611A93B976001D762C /* Supporting Files */,
			);
			path = "To Do List by PacoSoftTests";
			sourceTree = "<group>";
		};
		168F22611A93B976001D762C /* Supporting Files */ = {
			isa = PBXGroup;
			children = (
				168F22621A93B976001D762C /* Info.plist */,
			);
			name = "Supporting Files";
			sourceTree = "<group>";
		};
/* End PBXGroup section */

/* Begin PBXNativeTarget section */
		168F22471A93B976001D762C /* To Do List by PacoSoft */ = {
			isa = PBXNativeTarget;
			buildConfigurationList = 168F22671A93B976001D762C /* Build configuration list for PBXNativeTarget "To Do List by PacoSoft" */;
			buildPhases = (
				168F22441A93B976001D762C /* Sources */,
				168F22451A93B976001D762C /* Frameworks */,
				168F22461A93B976001D762C /* Resources */,
			);
			buildRules = (
			);
			dependencies = (
			);
			name = "To Do List by PacoSoft";
			productName = "To Do List by PacoSoft";
			productReference = 168F22481A93B976001D762C /* To Do List by PacoSoft.app */;
			productType = "com.apple.product-type.application";
		};
		168F225C1A93B976001D762C /* To Do List by PacoSoftTests */ = {
			isa = PBXNativeTarget;
			buildConfigurationList = 168F226A1A93B976001D762C /* Build configuration list for PBXNativeTarget "To Do List by PacoSoftTests" */;
			buildPhases = (
				168F22591A93B976001D762C /* Sources */,
				168F225A1A93B976001D762C /* Frameworks */,
				168F225B1A93B976001D762C /* Resources */,
			);
			buildRules = (
			);
			dependencies = (
				168F225F1A93B976001D762C /* PBXTargetDependency */,
			);
			name = "To Do List by PacoSoftTests";
			productName = "To Do List by PacoSoftTests";
			productReference = 168F225D1A93B976001D762C /* To Do List by PacoSoftTests.xctest */;
			productType = "com.apple.product-type.bundle.unit-test";
		};
/* End PBXNativeTarget section */

/* Begin PBXProject section */
		168F22401A93B976001D762C /* Project object */ = {
			isa = PBXProject;
			attributes = {
				LastUpgradeCheck = 0610;
				ORGANIZATIONNAME = "___QuixoteLabs___";
				TargetAttributes = {
					168F22471A93B976001D762C = {
						CreatedOnToolsVersion = 6.1.1;
					};
					168F225C1A93B976001D762C = {
						CreatedOnToolsVersion = 6.1.1;
						TestTargetID = 168F22471A93B976001D762C;
					};
				};
			};
			buildConfigurationList = 168F22431A93B976001D762C /* Build configuration list for PBXProject "To Do List by PacoSoft" */;
			compatibilityVersion = "Xcode 3.2";
			developmentRegion = English;
			hasScannedForEncodings = 0;
			knownRegions = (
				en,
				Base,
			);
			mainGroup = 168F223F1A93B976001D762C;
			productRefGroup = 168F22491A93B976001D762C /* Products */;
			projectDirPath = "";
			projectRoot = "";
			targets = (
				168F22471A93B976001D762C /* To Do List by PacoSoft */,
				168F225C1A93B976001D762C /* To Do List by PacoSoftTests */,
			);
		};
/* End PBXProject section */

/* Begin PBXResourcesBuildPhase section */
		168F22461A93B976001D762C /* Resources */ = {
			isa = PBXResourcesBuildPhase;
			buildActionMask = 2147483647;
			files = (
				168F22531A93B976001D762C /* Main.storyboard in Resources */,
				168F22581A93B976001D762C /* LaunchScreen.xib in Resources */,
				168F22551A93B976001D762C /* Images.xcassets in Resources */,
			);
			runOnlyForDeploymentPostprocessing = 0;
		};
		168F225B1A93B976001D762C /* Resources */ = {
			isa = PBXResourcesBuildPhase;
			buildActionMask = 2147483647;
			files = (
			);
			runOnlyForDeploymentPostprocessing = 0;
		};
/* End PBXResourcesBuildPhase section */

/* Begin PBXSourcesBuildPhase section */
		168F22441A93B976001D762C /* Sources */ = {
			isa = PBXSourcesBuildPhase;
			buildActionMask = 2147483647;
			files = (
				168F22501A93B976001D762C /* ViewController.swift in Sources */,
				168F226E1A93BC67001D762C /* TableViewController.swift in Sources */,
				168F224E1A93B976001D762C /* AppDelegate.swift in Sources */,
				168F22721A93BE5D001D762C /* TabBarController.swift in Sources */,
				168F22701A93BC92001D762C /* CreditsViewController.swift in Sources */,
			);
			runOnlyForDeploymentPostprocessing = 0;
		};
		168F22591A93B976001D762C /* Sources */ = {
			isa = PBXSourcesBuildPhase;
			buildActionMask = 2147483647;
			files = (
				168F22641A93B976001D762C /* To_Do_List_by_PacoSoftTests.swift in Sources */,
			);
			runOnlyForDeploymentPostprocessing = 0;
		};
/* End PBXSourcesBuildPhase section */

/* Begin PBXTargetDependency section */
		168F225F1A93B976001D762C /* PBXTargetDependency */ = {
			isa = PBXTargetDependency;
			target = 168F22471A93B976001D762C /* To Do List by PacoSoft */;
			targetProxy = 168F225E1A93B976001D762C /* PBXContainerItemProxy */;
		};
/* End PBXTargetDependency section */

/* Begin PBXVariantGroup section */
		168F22511A93B976001D762C /* Main.storyboard */ = {
			isa = PBXVariantGroup;
			children = (
				168F22521A93B976001D762C /* Base */,
			);
			name = Main.storyboard;
			sourceTree = "<group>";
		};
		168F22561A93B976001D762C /* LaunchScreen.xib */ = {
			isa = PBXVariantGroup;
			children = (
				168F22571A93B976001D762C /* Base */,
			);
			name = LaunchScreen.xib;
			sourceTree = "<group>";
		};
/* End PBXVariantGroup section */

/* Begin XCBuildConfiguration section */
		168F22651A93B976001D762C /* Debug */ = {
			isa = XCBuildConfiguration;
			buildSettings = {
				ALWAYS_SEARCH_USER_PATHS = NO;
				CLANG_CXX_LANGUAGE_STANDARD = "gnu++0x";
				CLANG_CXX_LIBRARY = "libc++";
				CLANG_ENABLE_MODULES = YES;
				CLANG_ENABLE_OBJC_ARC = YES;
				CLANG_WARN_BOOL_CONVERSION = YES;
				CLANG_WARN_CONSTANT_CONVERSION = YES;
				CLANG_WARN_DIRECT_OBJC_ISA_USAGE = YES_ERROR;
				CLANG_WARN_EMPTY_BODY = YES;
				CLANG_WARN_ENUM_CONVERSION = YES;
				CLANG_WARN_INT_CONVERSION = YES;
				CLANG_WARN_OBJC_ROOT_CLASS = YES_ERROR;
				CLANG_WARN_UNREACHABLE_CODE = YES;
				CLANG_WARN__DUPLICATE_METHOD_MATCH = YES;
				"CODE_SIGN_IDENTITY[sdk=iphoneos*]" = "iPhone Developer";
				COPY_PHASE_STRIP = NO;
				ENABLE_STRICT_OBJC_MSGSEND = YES;
				GCC_C_LANGUAGE_STANDARD = gnu99;
				GCC_DYNAMIC_NO_PIC = NO;
				GCC_OPTIMIZATION_LEVEL = 0;
				GCC_PREPROCESSOR_DEFINITIONS = (
					"DEBUG=1",
					"$(inherited)",
				);
				GCC_SYMBOLS_PRIVATE_EXTERN = NO;
				GCC_WARN_64_TO_32_BIT_CONVERSION = YES;
				GCC_WARN_ABOUT_RETURN_TYPE = YES_ERROR;
				GCC_WARN_UNDECLARED_SELECTOR = YES;
				GCC_WARN_UNINITIALIZED_AUTOS = YES_AGGRESSIVE;
				GCC_WARN_UNUSED_FUNCTION = YES;
				GCC_WARN_UNUSED_VARIABLE = YES;
				IPHONEOS_DEPLOYMENT_TARGET = 8.1;
				MTL_ENABLE_DEBUG_INFO = YES;
				ONLY_ACTIVE_ARCH = YES;
				SDKROOT = iphoneos;
				SWIFT_OPTIMIZATION_LEVEL = "-Onone";
			};
			name = Debug;
		};
		168F22661A93B976001D762C /* Release */ = {
			isa = XCBuildConfiguration;
			buildSettings = {
				ALWAYS_SEARCH_USER_PATHS = NO;
				CLANG_CXX_LANGUAGE_STANDARD = "gnu++0x";
				CLANG_CXX_LIBRARY = "libc++";
				CLANG_ENABLE_MODULES = YES;
				CLANG_ENABLE_OBJC_ARC = YES;
				CLANG_WARN_BOOL_CONVERSION = YES;
				CLANG_WARN_CONSTANT_CONVERSION = YES;
				CLANG_WARN_DIRECT_OBJC_ISA_USAGE = YES_ERROR;
				CLANG_WARN_EMPTY_BODY = YES;
				CLANG_WARN_ENUM_CONVERSION = YES;
				CLANG_WARN_INT_CONVERSION = YES;
				CLANG_WARN_OBJC_ROOT_CLASS = YES_ERROR;
				CLANG_WARN_UNREACHABLE_CODE = YES;
				CLANG_WARN__DUPLICATE_METHOD_MATCH = YES;
				"CODE_SIGN_IDENTITY[sdk=iphoneos*]" = "iPhone Developer";
				COPY_PHASE_STRIP = YES;
				ENABLE_NS_ASSERTIONS = NO;
				ENABLE_STRICT_OBJC_MSGSEND = YES;
				GCC_C_LANGUAGE_STANDARD = gnu99;
				GCC_WARN_64_TO_32_BIT_CONVERSION = YES;
				GCC_WARN_ABOUT_RETURN_TYPE = YES_ERROR;
				GCC_WARN_UNDECLARED_SELECTOR = YES;
				GCC_WARN_UNINITIALIZED_AUTOS = YES_AGGRESSIVE;
				GCC_WARN_UNUSED_FUNCTION = YES;
				GCC_WARN_UNUSED_VARIABLE = YES;
				IPHONEOS_DEPLOYMENT_TARGET = 8.1;
				MTL_ENABLE_DEBUG_INFO = NO;
				SDKROOT = iphoneos;
				VALIDATE_PRODUCT = YES;
			};
			name = Release;
		};
		168F22681A93B976001D762C /* Debug */ = {
			isa = XCBuildConfiguration;
			buildSettings = {
				ASSETCATALOG_COMPILER_APPICON_NAME = AppIcon;
				INFOPLIST_FILE = "To Do List by PacoSoft/Info.plist";
				LD_RUNPATH_SEARCH_PATHS = "$(inherited) @executable_path/Frameworks";
				PRODUCT_NAME = "$(TARGET_NAME)";
			};
			name = Debug;
		};
		168F22691A93B976001D762C /* Release */ = {
			isa = XCBuildConfiguration;
			buildSettings = {
				ASSETCATALOG_COMPILER_APPICON_NAME = AppIcon;
				INFOPLIST_FILE = "To Do List by PacoSoft/Info.plist";
				LD_RUNPATH_SEARCH_PATHS = "$(inherited) @executable_path/Frameworks";
				PRODUCT_NAME = "$(TARGET_NAME)";
			};
			name = Release;
		};
		168F226B1A93B976001D762C /* Debug */ = {
			isa = XCBuildConfiguration;
			buildSettings = {
				BUNDLE_LOADER = "$(TEST_HOST)";
				FRAMEWORK_SEARCH_PATHS = (
					"$(SDKROOT)/Developer/Library/Frameworks",
					"$(inherited)",
				);
				GCC_PREPROCESSOR_DEFINITIONS = (
					"DEBUG=1",
					"$(inherited)",
				);
				INFOPLIST_FILE = "To Do List by PacoSoftTests/Info.plist";
				LD_RUNPATH_SEARCH_PATHS = "$(inherited) @executable_path/Frameworks @loader_path/Frameworks";
				PRODUCT_NAME = "$(TARGET_NAME)";
				TEST_HOST = "$(BUILT_PRODUCTS_DIR)/To Do List by PacoSoft.app/To Do List by PacoSoft";
			};
			name = Debug;
		};
		168F226C1A93B976001D762C /* Release */ = {
			isa = XCBuildConfiguration;
			buildSettings = {
				BUNDLE_LOADER = "$(TEST_HOST)";
				FRAMEWORK_SEARCH_PATHS = (
					"$(SDKROOT)/Developer/Library/Frameworks",
					"$(inherited)",
				);
				INFOPLIST_FILE = "To Do List by PacoSoftTests/Info.plist";
				LD_RUNPATH_SEARCH_PATHS = "$(inherited) @executable_path/Frameworks @loader_path/Frameworks";
				PRODUCT_NAME = "$(TARGET_NAME)";
				TEST_HOST = "$(BUILT_PRODUCTS_DIR)/To Do List by PacoSoft.app/To Do List by PacoSoft";
			};
			name = Release;
		};
/* End XCBuildConfiguration section */

/* Begin XCConfigurationList section */
		168F22431A93B976001D762C /* Build configuration list for PBXProject "To Do List by PacoSoft" */ = {
			isa = XCConfigurationList;
			buildConfigurations = (
				168F22651A93B976001D762C /* Debug */,
				168F22661A93B976001D762C /* Release */,
			);
			defaultConfigurationIsVisible = 0;
			defaultConfigurationName = Release;
		};
		168F22671A93B976001D762C /* Build configuration list for PBXNativeTarget "To Do List by PacoSoft" */ = {
			isa = XCConfigurationList;
			buildConfigurations = (
				168F22681A93B976001D762C /* Debug */,
				168F22691A93B976001D762C /* Release */,
			);
			defaultConfigurationIsVisible = 0;
		};
		168F226A1A93B976001D762C /* Build configuration list for PBXNativeTarget "To Do List by PacoSoftTests" */ = {
			isa = XCConfigurationList;
			buildConfigurations = (
				168F226B1A93B976001D762C /* Debug */,
				168F226C1A93B976001D762C /* Release */,
			);
			defaultConfigurationIsVisible = 0;
		};
/* End XCConfigurationList section */
	};
	rootObject = 168F22401A93B976001D762C /* Project object */;
}
